
Microsoft Visual Studio Solution File, Format Version 12.00
# Visual Studio Version 16
VisualStudioVersion = 16.0.31129.286
MinimumVisualStudioVersion = 10.0.40219.1
Project("{FAE04EC0-301F-11D3-BF4B-00C04F79EFBC}") = "GrabTest", "ConsoleApp2\GrabTest.csproj", "{75A7D54E-667D-4227-823C-2A27CFC2216C}"
EndProject
Global
	GlobalSection(SolutionConfigurationPlatforms) = preSolution
		Debug|Any CPU = Debug|Any CPU
		Release|Any CPU = Release|Any CPU
	EndGlobalSection
	GlobalSection(ProjectConfigurationPlatforms) = postSolution
		{75A7D54E-667D-4227-823C-2A27CFC2216C}.Debug|Any CPU.ActiveCfg = Debug|Any CPU
		{75A7D54E-667D-4227-823C-2A27CFC2216C}.Debug|Any CPU.Build.0 = Debug|Any CPU
		{75A7D54E-667D-4227-823C-2A27CFC2216C}.Release|Any CPU.ActiveCfg = Release|Any CPU
		{75A7D54E-667D-4227-823C-2A27CFC2216C}.Release|Any CPU.Build.0 = Release|Any CPU
	EndGlobalSection
	GlobalSection(SolutionProperties) = preSolution
		HideSolutionNode = FALSE
	EndGlobalSection
	GlobalSection(ExtensibilityGlobals) = postSolution
		SolutionGuid = {AAC74DC7-2721-4054-8B58-03A5C09CD32A}
	EndGlobalSection
EndGlobal
